
Microsoft Visual Studio Solution File, Format Version 12.00
# Visual Studio Version 16
VisualStudioVersion = 16.0.30011.22
MinimumVisualStudioVersion = 10.0.40219.1
Project("{9A19103F-16F7-4668-BE54-9A1E7A4F7556}") = "model_app", "model_app\model_app.csproj", "{9E69904E-8589-48CC-8B59-80352C8D89DB}"
EndProject
Global
	GlobalSection(SolutionConfigurationPlatforms) = preSolution
		Debug|Any CPU = Debug|Any CPU
		Release|Any CPU = Release|Any CPU
	EndGlobalSection
	GlobalSection(ProjectConfigurationPlatforms) = postSolution
		{9E69904E-8589-48CC-8B59-80352C8D89DB}.Debug|Any CPU.ActiveCfg = Debug|Any CPU
		{9E69904E-8589-48CC-8B59-80352C8D89DB}.Debug|Any CPU.Build.0 = Debug|Any CPU
		{9E69904E-8589-48CC-8B59-80352C8D89DB}.Release|Any CPU.ActiveCfg = Release|Any CPU
		{9E69904E-8589-48CC-8B59-80352C8D89DB}.Release|Any CPU.Build.0 = Release|Any CPU
	EndGlobalSection
	GlobalSection(SolutionProperties) = preSolution
		HideSolutionNode = FALSE
	EndGlobalSection
	GlobalSection(ExtensibilityGlobals) = postSolution
		SolutionGuid = {38FB3FA9-722E-47E1-B03C-0D2EE35676D4}
	EndGlobalSection
EndGlobal
