
Microsoft Visual Studio Solution File, Format Version 12.00
# Visual Studio Version 16
VisualStudioVersion = 16.0.29920.165
MinimumVisualStudioVersion = 10.0.40219.1
Project("{FAE04EC0-301F-11D3-BF4B-00C04F79EFBC}") = "ModelicaApp", "ModelicaApp\ModelicaApp.csproj", "{8FED81CE-F35F-4AFC-9213-34B3B588344E}"
EndProject
Global
	GlobalSection(SolutionConfigurationPlatforms) = preSolution
		Debug|Any CPU = Debug|Any CPU
		Release|Any CPU = Release|Any CPU
	EndGlobalSection
	GlobalSection(ProjectConfigurationPlatforms) = postSolution
		{8FED81CE-F35F-4AFC-9213-34B3B588344E}.Debug|Any CPU.ActiveCfg = Debug|Any CPU
		{8FED81CE-F35F-4AFC-9213-34B3B588344E}.Debug|Any CPU.Build.0 = Debug|Any CPU
		{8FED81CE-F35F-4AFC-9213-34B3B588344E}.Release|Any CPU.ActiveCfg = Release|Any CPU
		{8FED81CE-F35F-4AFC-9213-34B3B588344E}.Release|Any CPU.Build.0 = Release|Any CPU
	EndGlobalSection
	GlobalSection(SolutionProperties) = preSolution
		HideSolutionNode = FALSE
	EndGlobalSection
	GlobalSection(ExtensibilityGlobals) = postSolution
		SolutionGuid = {F5E9D875-2D61-4D2F-A001-AE75E115D432}
	EndGlobalSection
EndGlobal
